
Microsoft Visual Studio Solution File, Format Version 12.00
# Visual Studio Version 17
VisualStudioVersion = 17.3.32819.101
MinimumVisualStudioVersion = 10.0.40219.1
Project("{FAE04EC0-301F-11D3-BF4B-00C04F79EFBC}") = "FlexGrid", "FlexGrid\FlexGrid.csproj", "{16A18BF4-BFDD-4C43-96ED-C4ACCD22A58D}"
EndProject
Global
	GlobalSection(SolutionConfigurationPlatforms) = preSolution
		Debug|Any CPU = Debug|Any CPU
		Release|Any CPU = Release|Any CPU
	EndGlobalSection
	GlobalSection(ProjectConfigurationPlatforms) = postSolution
		{16A18BF4-BFDD-4C43-96ED-C4ACCD22A58D}.Debug|Any CPU.ActiveCfg = Debug|Any CPU
		{16A18BF4-BFDD-4C43-96ED-C4ACCD22A58D}.Debug|Any CPU.Build.0 = Debug|Any CPU
		{16A18BF4-BFDD-4C43-96ED-C4ACCD22A58D}.Release|Any CPU.ActiveCfg = Release|Any CPU
		{16A18BF4-BFDD-4C43-96ED-C4ACCD22A58D}.Release|Any CPU.Build.0 = Release|Any CPU
	EndGlobalSection
	GlobalSection(SolutionProperties) = preSolution
		HideSolutionNode = FALSE
	EndGlobalSection
	GlobalSection(ExtensibilityGlobals) = postSolution
		SolutionGuid = {E5C785F5-D0C9-434B-9A15-FA6CD50FB52E}
	EndGlobalSection
EndGlobal
