
Microsoft Visual Studio Solution File, Format Version 12.00
# Visual Studio Version 17
VisualStudioVersion = 17.3.32819.101
MinimumVisualStudioVersion = 10.0.40219.1
Project("{9A19103F-16F7-4668-BE54-9A1E7A4F7556}") = "KevinComponent", "KevinComponent\KevinComponent.csproj", "{C4A37AC1-0ED7-4EEC-9952-50EFECE11CA3}"
EndProject
Project("{9A19103F-16F7-4668-BE54-9A1E7A4F7556}") = "KevinComponent.Demo.App", "KevinComponent.Demo.App\KevinComponent.Demo.App.csproj", "{5CE219BF-7551-4903-99C7-60BB7FB43179}"
EndProject
Global
	GlobalSection(SolutionConfigurationPlatforms) = preSolution
		Debug|Any CPU = Debug|Any CPU
		GitHub Release|Any CPU = GitHub Release|Any CPU
		Release|Any CPU = Release|Any CPU
	EndGlobalSection
	GlobalSection(ProjectConfigurationPlatforms) = postSolution
		{C4A37AC1-0ED7-4EEC-9952-50EFECE11CA3}.Debug|Any CPU.ActiveCfg = Debug|Any CPU
		{C4A37AC1-0ED7-4EEC-9952-50EFECE11CA3}.Debug|Any CPU.Build.0 = Debug|Any CPU
		{C4A37AC1-0ED7-4EEC-9952-50EFECE11CA3}.GitHub Release|Any CPU.ActiveCfg = GitHub Release|Any CPU
		{C4A37AC1-0ED7-4EEC-9952-50EFECE11CA3}.GitHub Release|Any CPU.Build.0 = GitHub Release|Any CPU
		{C4A37AC1-0ED7-4EEC-9952-50EFECE11CA3}.Release|Any CPU.ActiveCfg = Release|Any CPU
		{C4A37AC1-0ED7-4EEC-9952-50EFECE11CA3}.Release|Any CPU.Build.0 = Release|Any CPU
		{5CE219BF-7551-4903-99C7-60BB7FB43179}.Debug|Any CPU.ActiveCfg = Debug|Any CPU
		{5CE219BF-7551-4903-99C7-60BB7FB43179}.Debug|Any CPU.Build.0 = Debug|Any CPU
		{5CE219BF-7551-4903-99C7-60BB7FB43179}.GitHub Release|Any CPU.ActiveCfg = GitHub Release|Any CPU
		{5CE219BF-7551-4903-99C7-60BB7FB43179}.Release|Any CPU.ActiveCfg = Release|Any CPU
		{5CE219BF-7551-4903-99C7-60BB7FB43179}.Release|Any CPU.Build.0 = Release|Any CPU
	EndGlobalSection
	GlobalSection(SolutionProperties) = preSolution
		HideSolutionNode = FALSE
	EndGlobalSection
	GlobalSection(ExtensibilityGlobals) = postSolution
		SolutionGuid = {BE9F89BF-CC65-48BB-B6B4-B485B167E447}
	EndGlobalSection
EndGlobal
